
Microsoft Visual Studio Solution File, Format Version 12.00
# Visual Studio Version 16
VisualStudioVersion = 16.0.30204.135
MinimumVisualStudioVersion = 10.0.40219.1
Project("{9A19103F-16F7-4668-BE54-9A1E7A4F7556}") = "DesignDemo", "DesignDemo\DesignDemo.csproj", "{C1E2BA18-3FD7-40FE-A2F2-6B9776C5B456}"
EndProject
Project("{9A19103F-16F7-4668-BE54-9A1E7A4F7556}") = "Cmposite.Pattern", "Cmposite.Pattern\Cmposite.Pattern.csproj", "{3A0A1CEB-3BFE-4747-B0C7-A74C5BB53228}"
EndProject
Project("{FAE04EC0-301F-11D3-BF4B-00C04F79EFBC}") = "State.Pattern", "State.Pattern\State.Pattern.csproj", "{DAC5D74A-2CB5-4E96-86EC-D5B3DB11B2DF}"
EndProject
Project("{FAE04EC0-301F-11D3-BF4B-00C04F79EFBC}") = "Interpreter.Pattern", "Interpreter.Pattern\Interpreter.Pattern.csproj", "{FC7A7A2B-369B-433A-839E-ABFD732DF0AE}"
EndProject
Global
	GlobalSection(SolutionConfigurationPlatforms) = preSolution
		Debug|Any CPU = Debug|Any CPU
		Release|Any CPU = Release|Any CPU
	EndGlobalSection
	GlobalSection(ProjectConfigurationPlatforms) = postSolution
		{C1E2BA18-3FD7-40FE-A2F2-6B9776C5B456}.Debug|Any CPU.ActiveCfg = Debug|Any CPU
		{C1E2BA18-3FD7-40FE-A2F2-6B9776C5B456}.Debug|Any CPU.Build.0 = Debug|Any CPU
		{C1E2BA18-3FD7-40FE-A2F2-6B9776C5B456}.Release|Any CPU.ActiveCfg = Release|Any CPU
		{C1E2BA18-3FD7-40FE-A2F2-6B9776C5B456}.Release|Any CPU.Build.0 = Release|Any CPU
		{3A0A1CEB-3BFE-4747-B0C7-A74C5BB53228}.Debug|Any CPU.ActiveCfg = Debug|Any CPU
		{3A0A1CEB-3BFE-4747-B0C7-A74C5BB53228}.Debug|Any CPU.Build.0 = Debug|Any CPU
		{3A0A1CEB-3BFE-4747-B0C7-A74C5BB53228}.Release|Any CPU.ActiveCfg = Release|Any CPU
		{3A0A1CEB-3BFE-4747-B0C7-A74C5BB53228}.Release|Any CPU.Build.0 = Release|Any CPU
		{DAC5D74A-2CB5-4E96-86EC-D5B3DB11B2DF}.Debug|Any CPU.ActiveCfg = Debug|Any CPU
		{DAC5D74A-2CB5-4E96-86EC-D5B3DB11B2DF}.Debug|Any CPU.Build.0 = Debug|Any CPU
		{DAC5D74A-2CB5-4E96-86EC-D5B3DB11B2DF}.Release|Any CPU.ActiveCfg = Release|Any CPU
		{DAC5D74A-2CB5-4E96-86EC-D5B3DB11B2DF}.Release|Any CPU.Build.0 = Release|Any CPU
		{FC7A7A2B-369B-433A-839E-ABFD732DF0AE}.Debug|Any CPU.ActiveCfg = Debug|Any CPU
		{FC7A7A2B-369B-433A-839E-ABFD732DF0AE}.Debug|Any CPU.Build.0 = Debug|Any CPU
		{FC7A7A2B-369B-433A-839E-ABFD732DF0AE}.Release|Any CPU.ActiveCfg = Release|Any CPU
		{FC7A7A2B-369B-433A-839E-ABFD732DF0AE}.Release|Any CPU.Build.0 = Release|Any CPU
	EndGlobalSection
	GlobalSection(SolutionProperties) = preSolution
		HideSolutionNode = FALSE
	EndGlobalSection
	GlobalSection(ExtensibilityGlobals) = postSolution
		SolutionGuid = {6896199D-D4FD-4853-B8BB-385EED35B1D5}
	EndGlobalSection
EndGlobal
